
Microsoft Visual Studio Solution File, Format Version 12.00
# Visual Studio 15
VisualStudioVersion = 15.0.27130.2024
MinimumVisualStudioVersion = 10.0.40219.1
Project("{8BC9CEB8-8B4A-11D0-8D11-00A0C91BC942}") = "Editor", "Editor\Editor.vcxproj", "{FD766D5B-6D7C-45F3-AC27-F1D81D6860A0}"
EndProject
Global
	GlobalSection(SolutionConfigurationPlatforms) = preSolution
		Debug|x64 = Debug|x64
		Debug|x86 = Debug|x86
		Release|x64 = Release|x64
		Release|x86 = Release|x86
	EndGlobalSection
	GlobalSection(ProjectConfigurationPlatforms) = postSolution
		{FD766D5B-6D7C-45F3-AC27-F1D81D6860A0}.Debug|x64.ActiveCfg = Debug|x64
		{FD766D5B-6D7C-45F3-AC27-F1D81D6860A0}.Debug|x64.Build.0 = Debug|x64
		{FD766D5B-6D7C-45F3-AC27-F1D81D6860A0}.Debug|x86.ActiveCfg = Debug|Win32
		{FD766D5B-6D7C-45F3-AC27-F1D81D6860A0}.Debug|x86.Build.0 = Debug|Win32
		{FD766D5B-6D7C-45F3-AC27-F1D81D6860A0}.Release|x64.ActiveCfg = Release|x64
		{FD766D5B-6D7C-45F3-AC27-F1D81D6860A0}.Release|x64.Build.0 = Release|x64
		{FD766D5B-6D7C-45F3-AC27-F1D81D6860A0}.Release|x86.ActiveCfg = Release|Win32
		{FD766D5B-6D7C-45F3-AC27-F1D81D6860A0}.Release|x86.Build.0 = Release|Win32
	EndGlobalSection
	GlobalSection(SolutionProperties) = preSolution
		HideSolutionNode = FALSE
	EndGlobalSection
	GlobalSection(ExtensibilityGlobals) = postSolution
		SolutionGuid = {A8232E33-E53A-415D-AFF3-0471192604E0}
	EndGlobalSection
EndGlobal
