<?xml version="1.0" encoding="utf-8"?>
<Project ToolsVersion="4.0" xmlns="http://schemas.microsoft.com/developer/msbuild/2003">
  <ItemGroup>
    <Filter Include="源文件">
      <UniqueIdentifier>{4FC737F1-C7A5-4376-A066-2A32D752A2FF}</UniqueIdentifier>
      <Extensions>cpp;c;cc;cxx;def;odl;idl;hpj;bat;asm;asmx</Extensions>
    </Filter>
    <Filter Include="头文件">
      <UniqueIdentifier>{93995380-89BD-4b04-88EB-625FBE52EBFB}</UniqueIdentifier>
      <Extensions>h;hh;hpp;hxx;hm;inl;inc;xsd</Extensions>
    </Filter>
    <Filter Include="资源文件">
      <UniqueIdentifier>{67DA6AB6-F800-4c08-8B7A-83BB121AAD01}</UniqueIdentifier>
      <Extensions>rc;ico;cur;bmp;dlg;rc2;rct;bin;rgs;gif;jpg;jpeg;jpe;resx;tiff;tif;png;wav;mfcribbon-ms</Extensions>
    </Filter>
    <Filter Include="头文件\editor">
      <UniqueIdentifier>{ebe93775-794d-406d-8f4b-0331c9e8b20f}</UniqueIdentifier>
    </Filter>
    <Filter Include="源文件\editor">
      <UniqueIdentifier>{bedd5c9a-a8da-4a56-a631-7c4b95f6f38a}</UniqueIdentifier>
    </Filter>
    <Filter Include="头文件\util">
      <UniqueIdentifier>{118138bd-b91d-4523-8899-89e4c05b9b82}</UniqueIdentifier>
    </Filter>
    <Filter Include="源文件\util">
      <UniqueIdentifier>{81036dd9-c962-4f4d-9b61-7c8a285f7f0b}</UniqueIdentifier>
    </Filter>
    <Filter Include="头文件\window">
      <UniqueIdentifier>{5f794dd8-3e06-443a-816d-5d69d48ddf76}</UniqueIdentifier>
    </Filter>
    <Filter Include="源文件\window">
      <UniqueIdentifier>{0f86f1b2-2101-4c9e-8948-b36dcc546491}</UniqueIdentifier>
    </Filter>
  </ItemGroup>
  <ItemGroup>
    <ClCompile Include="frame.cpp">
      <Filter>源文件</Filter>
    </ClCompile>
    <ClCompile Include="Editor\block.cpp">
      <Filter>源文件\editor</Filter>
    </ClCompile>
    <ClCompile Include="Editor\editor.cpp">
      <Filter>源文件\editor</Filter>
    </ClCompile>
    <ClCompile Include="Editor\file.cpp">
      <Filter>源文件\editor</Filter>
    </ClCompile>
    <ClCompile Include="Editor\line.cpp">
      <Filter>源文件\editor</Filter>
    </ClCompile>
    <ClCompile Include="Util\json.cpp">
      <Filter>源文件\util</Filter>
    </ClCompile>
    <ClCompile Include="Window\console.cpp">
      <Filter>源文件\window</Filter>
    </ClCompile>
    <ClCompile Include="Window\navigator.cpp">
      <Filter>源文件\window</Filter>
    </ClCompile>
    <ClCompile Include="Window\prime.cpp">
      <Filter>源文件\window</Filter>
    </ClCompile>
  </ItemGroup>
  <ItemGroup>
    <ClInclude Include="Editor\editor.h">
      <Filter>头文件\editor</Filter>
    </ClInclude>
    <ClInclude Include="Editor\file.h">
      <Filter>头文件\editor</Filter>
    </ClInclude>
    <ClInclude Include="Editor\line.h">
      <Filter>头文件\editor</Filter>
    </ClInclude>
    <ClInclude Include="Editor\block.h">
      <Filter>头文件\editor</Filter>
    </ClInclude>
    <ClInclude Include="Util\json.h">
      <Filter>头文件\util</Filter>
    </ClInclude>
    <ClInclude Include="Window\grid.h">
      <Filter>头文件\window</Filter>
    </ClInclude>
    <ClInclude Include="Window\console.h">
      <Filter>头文件\window</Filter>
    </ClInclude>
    <ClInclude Include="Window\navigator.h">
      <Filter>头文件\window</Filter>
    </ClInclude>
    <ClInclude Include="Window\prime.h">
      <Filter>头文件\window</Filter>
    </ClInclude>
  </ItemGroup>
  <ItemGroup>
    <None Include="config.ini">
      <Filter>资源文件</Filter>
    </None>
  </ItemGroup>
  <ItemGroup>
    <Text Include="log.txt">
      <Filter>资源文件</Filter>
    </Text>
  </ItemGroup>
</Project>